
Microsoft Visual Studio Solution File, Format Version 12.00
# Visual Studio Version 17
VisualStudioVersion = 17.7.34031.279
MinimumVisualStudioVersion = 10.0.40219.1
Project("{FAE04EC0-301F-11D3-BF4B-00C04F79EFBC}") = "CodeQuotes", "CodeQuotes\CodeQuotes.csproj", "{ECA9D110-0A74-4F3B-A261-E04C87B3D59D}"
EndProject
Global
	GlobalSection(SolutionConfigurationPlatforms) = preSolution
		Debug|Any CPU = Debug|Any CPU
		Release|Any CPU = Release|Any CPU
	EndGlobalSection
	GlobalSection(ProjectConfigurationPlatforms) = postSolution
		{ECA9D110-0A74-4F3B-A261-E04C87B3D59D}.Debug|Any CPU.ActiveCfg = Debug|Any CPU
		{ECA9D110-0A74-4F3B-A261-E04C87B3D59D}.Debug|Any CPU.Build.0 = Debug|Any CPU
		{ECA9D110-0A74-4F3B-A261-E04C87B3D59D}.Debug|Any CPU.Deploy.0 = Debug|Any CPU
		{ECA9D110-0A74-4F3B-A261-E04C87B3D59D}.Release|Any CPU.ActiveCfg = Release|Any CPU
		{ECA9D110-0A74-4F3B-A261-E04C87B3D59D}.Release|Any CPU.Build.0 = Release|Any CPU
		{ECA9D110-0A74-4F3B-A261-E04C87B3D59D}.Release|Any CPU.Deploy.0 = Release|Any CPU
	EndGlobalSection
	GlobalSection(SolutionProperties) = preSolution
		HideSolutionNode = FALSE
	EndGlobalSection
	GlobalSection(ExtensibilityGlobals) = postSolution
		SolutionGuid = {BC64C65A-7D2D-424C-A182-DE46E8E700B6}
	EndGlobalSection
EndGlobal
